{
    "_meta": {
        "hash": {
            "sha256": "efae6949cb3c80ff1a0f6d2fa5e4955505cdf45538c04c7032ce6577956d4fb6"
        },
        "pipfile-spec": 6,
        "requires": {
            "python_version": "3.9"
        },
        "sources": [
            {
                "name": "pypi",
                "url": "https://pypi.org/simple",
                "verify_ssl": true
            }
        ]
    },
    "default": {
        "appnope": {
            "hashes": [
                "sha256:93aa393e9d6c54c5cd570ccadd8edad61ea0c4b9ea7a01409020c9aa019eb442",
                "sha256:dd83cd4b5b460958838f6eb3000c660b1f9caf2a5b1de4264e941512f603258a"
            ],
            "markers": "sys_platform == 'darwin'",
            "version": "==0.1.2"
        },
        "backcall": {
            "hashes": [
                "sha256:5cbdbf27be5e7cfadb448baf0aa95508f91f2bbc6c6437cd9cd06e2a4c215e1e",
                "sha256:fbbce6a29f263178a1f7915c1940bde0ec2b2a967566fe1c65c1dfb7422bd255"
            ],
            "version": "==0.2.0"
        },
        "decorator": {
            "hashes": [
                "sha256:7b12e7c3c6ab203a29e157335e9122cb03de9ab7264b137594103fd4a683b374",
                "sha256:e59913af105b9860aa2c8d3272d9de5a56a4e608db9a2f167a8480b323d529a7"
            ],
            "markers": "python_version >= '3.5'",
            "version": "==5.1.0"
        },
        "ipython": {
            "hashes": [
                "sha256:346c74db7312c41fa566d3be45d2e759a528dcc2994fe48aac1a03a70cd668a3",
                "sha256:4c4234cdcc6b8f87c5b5c7af9899aa696ac5cfcf0e9f6d0688018bbee5c73bce"
            ],
            "index": "pypi",
            "version": "==7.31.0"
        },
        "jedi": {
            "hashes": [
                "sha256:637c9635fcf47945ceb91cd7f320234a7be540ded6f3e99a50cb6febdfd1ba8d",
                "sha256:74137626a64a99c8eb6ae5832d99b3bdd7d29a3850fe2aa80a4126b2a7d949ab"
            ],
            "markers": "python_version >= '3.6'",
            "version": "==0.18.1"
        },
        "matplotlib-inline": {
            "hashes": [
                "sha256:a04bfba22e0d1395479f866853ec1ee28eea1485c1d69a6faf00dc3e24ff34ee",
                "sha256:aed605ba3b72462d64d475a21a9296f400a19c4f74a31b59103d2a99ffd5aa5c"
            ],
            "markers": "python_version >= '3.5'",
            "version": "==0.1.3"
        },
        "numpy": {
            "hashes": [
                "sha256:0cfe07133fd00b27edee5e6385e333e9eeb010607e8a46e1cd673f05f8596595",
                "sha256:11a1f3816ea82eed4178102c56281782690ab5993251fdfd75039aad4d20385f",
                "sha256:2762331de395739c91f1abb88041f94a080cb1143aeec791b3b223976228af3f",
                "sha256:283d9de87c0133ef98f93dfc09fad3fb382f2a15580de75c02b5bb36a5a159a5",
                "sha256:3d22662b4b10112c545c91a0741f2436f8ca979ab3d69d03d19322aa970f9695",
                "sha256:41388e32e40b41dd56eb37fcaa7488b2b47b0adf77c66154d6b89622c110dfe9",
                "sha256:42c16cec1c8cf2728f1d539bd55aaa9d6bb48a7de2f41eb944697293ef65a559",
                "sha256:47ee7a839f5885bc0c63a74aabb91f6f40d7d7b639253768c4199b37aede7982",
                "sha256:5a311ee4d983c487a0ab546708edbdd759393a3dc9cd30305170149fedd23c88",
                "sha256:5dc65644f75a4c2970f21394ad8bea1a844104f0fe01f278631be1c7eae27226",
                "sha256:6ed0d073a9c54ac40c41a9c2d53fcc3d4d4ed607670b9e7b0de1ba13b4cbfe6f",
                "sha256:76ba7c40e80f9dc815c5e896330700fd6e20814e69da9c1267d65a4d051080f1",
                "sha256:818b9be7900e8dc23e013a92779135623476f44a0de58b40c32a15368c01d471",
                "sha256:a024181d7aef0004d76fb3bce2a4c9f2e67a609a9e2a6ff2571d30e9976aa383",
                "sha256:a955e4128ac36797aaffd49ab44ec74a71c11d6938df83b1285492d277db5397",
                "sha256:a97a954a8c2f046d3817c2bce16e3c7e9a9c2afffaf0400f5c16df5172a67c9c",
                "sha256:a97e82c39d9856fe7d4f9b86d8a1e66eff99cf3a8b7ba48202f659703d27c46f",
                "sha256:b55b953a1bdb465f4dc181758570d321db4ac23005f90ffd2b434cc6609a63dd",
                "sha256:bb02929b0d6bfab4c48a79bd805bd7419114606947ec8284476167415171f55b",
                "sha256:bece0a4a49e60e472a6d1f70ac6cdea00f9ab80ff01132f96bd970cdd8a9e5a9",
                "sha256:e41e8951749c4b5c9a2dc5fdbc1a4eec6ab2a140fdae9b460b0f557eed870f4d",
                "sha256:f71d57cc8645f14816ae249407d309be250ad8de93ef61d9709b45a0ddf4050c"
            ],
            "index": "pypi",
            "version": "==1.22.0"
        },
        "parso": {
            "hashes": [
                "sha256:8c07be290bb59f03588915921e29e8a50002acaf2cdc5fa0e0114f91709fafa0",
                "sha256:c001d4636cd3aecdaf33cbb40aebb59b094be2a74c556778ef5576c175e19e75"
            ],
            "markers": "python_version >= '3.6'",
            "version": "==0.8.3"
        },
        "pexpect": {
            "hashes": [
                "sha256:0b48a55dcb3c05f3329815901ea4fc1537514d6ba867a152b581d69ae3710937",
                "sha256:fc65a43959d153d0114afe13997d439c22823a27cefceb5ff35c2178c6784c0c"
            ],
            "index": "pypi",
            "version": "==4.8.0"
        },
        "pickleshare": {
            "hashes": [
                "sha256:87683d47965c1da65cdacaf31c8441d12b8044cdec9aca500cd78fc2c683afca",
                "sha256:9649af414d74d4df115d5d718f82acb59c9d418196b7b4290ed47a12ce62df56"
            ],
            "version": "==0.7.5"
        },
        "plotly": {
            "hashes": [
                "sha256:20b8a1a0f0434f9b8d10eb7caa66e947a9a1d698e5a53d40d447bbc0d2ae41f0",
                "sha256:bc7d19272560f73fe4c2c989c31b00774a35d3a76891fab0b72c17616862d0e0"
            ],
            "index": "pypi",
            "version": "==5.5.0"
        },
        "polyscope": {
            "hashes": [
                "sha256:005a9731b40a7b4b56b08de9105872022c913b404bfa4a5f3be506a4cd67deac",
                "sha256:07c4a31eb3f401829573d938cd5686a20eb3d0842105fea0513c93bcde4c4748",
                "sha256:0e7121e40b26ba9b51702d5eba0b0d99d608e89ea6a851cb0e76174e4de85722",
                "sha256:0f10ae10d973bc880db1bd2621c05690334825229e86fc9dbbda13bf0c398dd1",
                "sha256:1305efb53a189cf9644a46541874f71be618ea51cf7b8a50b005f0ef6581af98",
                "sha256:150cf5c3471abafd73f51d04bdd86ed84074246449b5aa3e9466ae30909d516b",
                "sha256:18332b519a1c65162fd145e894fceda2dbff9d241aa355a45115ed3c59196982",
                "sha256:1b993b5aa71bbdd82cae0a6ef668f45ef2ae4a617069e8982ef9e31a82d47573",
                "sha256:21030f6d6870016d36b1873bee04d35a76f5229ee3aab798eb5d4d9ece01387b",
                "sha256:2c9d4f4dd20712c82b45d85cf3e701de88b06e1c4b51efad9f07400beb54ff21",
                "sha256:309e04bc1758fedc732d8fd45656c17053d19c572a96fcfea8c8ec2bb2b7d568",
                "sha256:341890810d0e7a20e0ccf7c2ed7ab3f2142a2436dc0276306e2aaaee04236ec3",
                "sha256:3dc09363aab59f08ab987d2b4eaab83b09d7ba6671a8c4c4e98e7f48ea39bc45",
                "sha256:50e4ac1132779a23f931e44918ffbdd4d67bbd504d4222837ce3105e920eeba1",
                "sha256:54da8aae2db79582243a11c038c9e503c22ab6bcb33fea832e29f11020e0bfc3",
                "sha256:615dde30732583eafad38f413131bc61b851a139ec2087b67e3b9144559787d9",
                "sha256:619dfe14a9dcbeab811c823c4870d3c5e458ee9696cb109bb8ab539759f45411",
                "sha256:63e83ce06471ec5d3f16c619495689b4ca0983d1e862f7996bf5a10db7667c5a",
                "sha256:6826218860d9eaccea80b111858231391678c231be8a4d2e6d6e82e411217a43",
                "sha256:8c86c8bd83ba765b20474351977f4ee073fe393ab61a1d20a28b4f4d3a48347a",
                "sha256:95298700ee0b5b364e3e9dd651031025b8a1e2356b3df6225c7fa1f7275ea2c2",
                "sha256:966c6fc777332319d2355ee62797470f416c0b3f9bcb7fb8183371421c2e02ff",
                "sha256:9f98ea068e5dfdc9a1373573ed1693afdb21a63c344805a6fc4df748edfec9a7",
                "sha256:a3a9b70ef46b5d99f9210f1ca12248ed0694dafdc27710bbff6e22905b3d3c50",
                "sha256:a75829b21ccb2c433ebc3916fbdb0e453898add56d505d94f102fda74aaac8e8",
                "sha256:adc369ec3eb67847ca58e948bd5c258c2400040acc77bf33784a0c0be4c06cb0",
                "sha256:b18c4e3eb9f122a0ae38434598f2bed6f50b5d8dc98f74a0a18c12d2ce75fdc1",
                "sha256:c855c06fe49156e82163c58d84971866615bc1e2ad917fe701913b175214572a",
                "sha256:c92093fa74b05637108884d70ff81ec9ee56859824cc07126cb20062c1883904",
                "sha256:cd66a48ecd6e33e3d49b58899e17cd1d9181b4b0706d9f16650b40541efc520d",
                "sha256:d17a1e2f1e918b40b55de0bcc821b60c4165f282c3adee31df97c385f9a8bfea",
                "sha256:d4f4b397bb1f356f6cdbea22048312897b98dfaf6b8d10892c484429a9745c44",
                "sha256:d7128e29375017c180d42dca4c548cc239d2f2939166cc9e4a8e2eda22b58c3e",
                "sha256:df69876303c9f834bedea39ee78c6b35c36f196c3828f2dac505321ba039622c",
                "sha256:e6394a65ef337c722a94212cf745b065d0c155014dddfe32c144c89ecb55e227",
                "sha256:e67ff78e710aba82fa4be2c1b1cbc3224c1bed0699756386aaf066866f76292e",
                "sha256:f16a77fe557bdd41ab0b743ee4dec4a4e013f4b4561d350499065d7a7207bdb0",
                "sha256:f275a0d1d8a17bca8a18861ffd9099d5a9039ce69c06a085eecd89e76bb38a97",
                "sha256:f8e86255f535ede316325b42137e3baae1cc81c111c76bcab4b7f14181903364",
                "sha256:f9494ceaf99ad30f481a7ca2f91fb64e0f19a48b9d36992b340bc945f55be9eb"
            ],
            "index": "pypi",
            "version": "==1.3.1"
        },
        "prompt-toolkit": {
            "hashes": [
                "sha256:1bb05628c7d87b645974a1bad3f17612be0c29fa39af9f7688030163f680bad6",
                "sha256:e56f2ff799bacecd3e88165b1e2f5ebf9bcd59e80e06d395fa0cc4b8bd7bb506"
            ],
            "markers": "python_full_version >= '3.6.2'",
            "version": "==3.0.24"
        },
        "ptyprocess": {
            "hashes": [
                "sha256:4b41f3967fce3af57cc7e94b888626c18bf37a083e3651ca8feeb66d492fef35",
                "sha256:5c5d0a3b48ceee0b48485e0c26037c0acd7d29765ca3fbb5cb3831d347423220"
            ],
            "version": "==0.7.0"
        },
        "pygments": {
            "hashes": [
                "sha256:59b895e326f0fb0d733fd28c6839bd18ad0687ba20efc26d4277fd1d30b971f4",
                "sha256:9135c1af61eec0f650cd1ea1ed8ce298e54d56bcd8cc2ef46edd7702c171337c"
            ],
            "markers": "python_version >= '3.5'",
            "version": "==2.11.1"
        },
        "setuptools": {
            "hashes": [
                "sha256:5c89b1a14a67ac5f0956f1cb0aeb7d1d3f4c8ba4e4e1ab7bf1af4933f9a2f0fe",
                "sha256:675fcebecb43c32eb930481abf907619137547f4336206e4d673180242e1a278"
            ],
            "markers": "python_version >= '3.7'",
            "version": "==60.2.0"
        },
        "six": {
            "hashes": [
                "sha256:1e61c37477a1626458e36f7b1d82aa5c9b094fa4802892072e49de9c60c4c926",
                "sha256:8abb2f1d86890a2dfb989f9a77cfcfd3e47c2a354b01111771326f8aa26e0254"
            ],
            "markers": "python_version >= '2.7' and python_version not in '3.0, 3.1, 3.2, 3.3'",
            "version": "==1.16.0"
        },
        "tenacity": {
            "hashes": [
                "sha256:43242a20e3e73291a28bcbcacfd6e000b02d3857a9a9fff56b297a27afdc932f",
                "sha256:f78f4ea81b0fabc06728c11dc2a8c01277bfc5181b321a4770471902e3eb844a"
            ],
            "markers": "python_version >= '3.6'",
            "version": "==8.0.1"
        },
        "traitlets": {
            "hashes": [
                "sha256:059f456c5a7c1c82b98c2e8c799f39c9b8128f6d0d46941ee118daace9eb70c7",
                "sha256:2d313cc50a42cd6c277e7d7dc8d4d7fedd06a2c215f78766ae7b1a66277e0033"
            ],
            "markers": "python_version >= '3.7'",
            "version": "==5.1.1"
        },
        "wcwidth": {
            "hashes": [
                "sha256:beb4802a9cebb9144e99086eff703a642a13d6a0052920003a230f3294bbe784",
                "sha256:c4d647b99872929fdb7bdcaa4fbe7f01413ed3d98077df798530e5b04f116c83"
            ],
            "version": "==0.2.5"
        }
    },
    "develop": {}
}
